// !$*UTF8*$!
{
	archiveVersion = 1;
	classes = {
	};
	objectVersion = 46;
	objects = {

/* Begin PBXBuildFile section */
		F61AF6BF1C15DEFF00B06E80 /* AppDelegate.swift in Sources */ = {isa = PBXBuildFile; fileRef = F61AF6BE1C15DEFF00B06E80 /* AppDelegate.swift */; };
		F61AF6C11C15DEFF00B06E80 /* ViewController.swift in Sources */ = {isa = PBXBuildFile; fileRef = F61AF6C01C15DEFF00B06E80 /* ViewController.swift */; };
		F61AF6C41C15DEFF00B06E80 /* Main.storyboard in Resources */ = {isa = PBXBuildFile; fileRef = F61AF6C21C15DEFF00B06E80 /* Main.storyboard */; };
		F61AF6C61C15DEFF00B06E80 /* Assets.xcassets in Resources */ = {isa = PBXBuildFile; fileRef = F61AF6C51C15DEFF00B06E80 /* Assets.xcassets */; };
		F61AF6C91C15DEFF00B06E80 /* LaunchScreen.storyboard in Resources */ = {isa = PBXBuildFile; fileRef = F61AF6C71C15DEFF00B06E80 /* LaunchScreen.storyboard */; };
/* End PBXBuildFile section */

/* Begin PBXFileReference section */
		F61AF6BB1C15DEFE00B06E80 /* hamurguesasDelmundo.app */ = {isa = PBXFileReference; explicitFileType = wrapper.application; includeInIndex = 0; path = hamurguesasDelmundo.app; sourceTree = BUILT_PRODUCTS_DIR; };
		F61AF6BE1C15DEFF00B06E80 /* AppDelegate.swift */ = {isa = PBXFileReference; lastKnownFileType = sourcecode.swift; path = AppDelegate.swift; sourceTree = "<group>"; };
		F61AF6C01C15DEFF00B06E80 /* ViewController.swift */ = {isa = PBXFileReference; lastKnownFileType = sourcecode.swift; path = ViewController.swift; sourceTree = "<group>"; };
		F61AF6C31C15DEFF00B06E80 /* Base */ = {isa = PBXFileReference; lastKnownFileType = file.storyboard; name = Base; path = Base.lproj/Main.storyboard; sourceTree = "<group>"; };
		F61AF6C51C15DEFF00B06E80 /* Assets.xcassets */ = {isa = PBXFileReference; lastKnownFileType = folder.assetcatalog; path = Assets.xcassets; sourceTree = "<group>"; };
		F61AF6C81C15DEFF00B06E80 /* Base */ = {isa = PBXFileReference; lastKnownFileType = file.storyboard; name = Base; path = Base.lproj/LaunchScreen.storyboard; sourceTree = "<group>"; };
		F61AF6CA1C15DEFF00B06E80 /* Info.plist */ = {isa = PBXFileReference; lastKnownFileType = text.plist.xml; path = Info.plist; sourceTree = "<group>"; };
/* End PBXFileReference section */

/* Begin PBXFrameworksBuildPhase section */
		F61AF6B81C15DEFE00B06E80 /* Frameworks */ = {
			isa = PBXFrameworksBuildPhase;
			buildActionMask = 2147483647;
			files = (
			);
			runOnlyForDeploymentPostprocessing = 0;
		};
/* End PBXFrameworksBuildPhase section */

/* Begin PBXGroup section */
		F61AF6B21C15DEFE00B06E80 = {
			isa = PBXGroup;
			children = (
				F61AF6BD1C15DEFE00B06E80 /* hamurguesasDelmundo */,
				F61AF6BC1C15DEFE00B06E80 /* Products */,
			);
			sourceTree = "<group>";
		};
		F61AF6BC1C15DEFE00B06E80 /* Products */ = {
			isa = PBXGroup;
			children = (
				F61AF6BB1C15DEFE00B06E80 /* hamurguesasDelmundo.app */,
			);
			name = Products;
			sourceTree = "<group>";
		};
		F61AF6BD1C15DEFE00B06E80 /* hamurguesasDelmundo */ = {
			isa = PBXGroup;
			children = (
				F61AF6BE1C15DEFF00B06E80 /* AppDelegate.swift */,
				F61AF6C01C15DEFF00B06E80 /* ViewController.swift */,
				F61AF6C21C15DEFF00B06E80 /* Main.storyboard */,
				F61AF6C51C15DEFF00B06E80 /* Assets.xcassets */,
				F61AF6C71C15DEFF00B06E80 /* LaunchScreen.storyboard */,
				F61AF6CA1C15DEFF00B06E80 /* Info.plist */,
			);
			path = hamurguesasDelmundo;
			sourceTree = "<group>";
		};
/* End PBXGroup section */

/* Begin PBXNativeTarget section */
		F61AF6BA1C15DEFE00B06E80 /* hamurguesasDelmundo */ = {
			isa = PBXNativeTarget;
			buildConfigurationList = F61AF6CD1C15DEFF00B06E80 /* Build configuration list for PBXNativeTarget "hamurguesasDelmundo" */;
			buildPhases = (
				F61AF6B71C15DEFE00B06E80 /* Sources */,
				F61AF6B81C15DEFE00B06E80 /* Frameworks */,
				F61AF6B91C15DEFE00B06E80 /* Resources */,
			);
			buildRules = (
			);
			dependencies = (
			);
			name = hamurguesasDelmundo;
			productName = hamurguesasDelmundo;
			productReference = F61AF6BB1C15DEFE00B06E80 /* hamurguesasDelmundo.app */;
			productType = "com.apple.product-type.application";
		};
/* End PBXNativeTarget section */

/* Begin PBXProject section */
		F61AF6B31C15DEFE00B06E80 /* Project object */ = {
			isa = PBXProject;
			attributes = {
				LastSwiftUpdateCheck = 0710;
				LastUpgradeCheck = 0710;
				ORGANIZATIONNAME = "Seba Benavides";
				TargetAttributes = {
					F61AF6BA1C15DEFE00B06E80 = {
						CreatedOnToolsVersion = 7.1.1;
						DevelopmentTeam = 5B56FDNMGZ;
					};
				};
			};
			buildConfigurationList = F61AF6B61C15DEFE00B06E80 /* Build configuration list for PBXProject "hamurguesasDelmundo" */;
			compatibilityVersion = "Xcode 3.2";
			developmentRegion = English;
			hasScannedForEncodings = 0;
			knownRegions = (
				en,
				Base,
			);
			mainGroup = F61AF6B21C15DEFE00B06E80;
			productRefGroup = F61AF6BC1C15DEFE00B06E80 /* Products */;
			projectDirPath = "";
			projectRoot = "";
			targets = (
				F61AF6BA1C15DEFE00B06E80 /* hamurguesasDelmundo */,
			);
		};
/* End PBXProject section */

/* Begin PBXResourcesBuildPhase section */
		F61AF6B91C15DEFE00B06E80 /* Resources */ = {
			isa = PBXResourcesBuildPhase;
			buildActionMask = 2147483647;
			files = (
				F61AF6C91C15DEFF00B06E80 /* LaunchScreen.storyboard in Resources */,
				F61AF6C61C15DEFF00B06E80 /* Assets.xcassets in Resources */,
				F61AF6C41C15DEFF00B06E80 /* Main.storyboard in Resources */,
			);
			runOnlyForDeploymentPostprocessing = 0;
		};
/* End PBXResourcesBuildPhase section */

/* Begin PBXSourcesBuildPhase section */
		F61AF6B71C15DEFE00B06E80 /* Sources */ = {
			isa = PBXSourcesBuildPhase;
			buildActionMask = 2147483647;
			files = (
				F61AF6C11C15DEFF00B06E80 /* ViewController.swift in Sources */,
				F61AF6BF1C15DEFF00B06E80 /* AppDelegate.swift in Sources */,
			);
			runOnlyForDeploymentPostprocessing = 0;
		};
/* End PBXSourcesBuildPhase section */

/* Begin PBXVariantGroup section */
		F61AF6C21C15DEFF00B06E80 /* Main.storyboard */ = {
			isa = PBXVariantGroup;
			children = (
				F61AF6C31C15DEFF00B06E80 /* Base */,
			);
			name = Main.storyboard;
			sourceTree = "<group>";
		};
		F61AF6C71C15DEFF00B06E80 /* LaunchScreen.storyboard */ = {
			isa = PBXVariantGroup;
			children = (
				F61AF6C81C15DEFF00B06E80 /* Base */,
			);
			name = LaunchScreen.storyboard;
			sourceTree = "<group>";
		};
/* End PBXVariantGroup section */

/* Begin XCBuildConfiguration section */
		F61AF6CB1C15DEFF00B06E80 /* Debug */ = {
			isa = XCBuildConfiguration;
			buildSettings = {
				ALWAYS_SEARCH_USER_PATHS = NO;
				CLANG_CXX_LANGUAGE_STANDARD = "gnu++0x";
				CLANG_CXX_LIBRARY = "libc++";
				CLANG_ENABLE_MODULES = YES;
				CLANG_ENABLE_OBJC_ARC = YES;
				CLANG_WARN_BOOL_CONVERSION = YES;
				CLANG_WARN_CONSTANT_CONVERSION = YES;
				CLANG_WARN_DIRECT_OBJC_ISA_USAGE = YES_ERROR;
				CLANG_WARN_EMPTY_BODY = YES;
				CLANG_WARN_ENUM_CONVERSION = YES;
				CLANG_WARN_INT_CONVERSION = YES;
				CLANG_WARN_OBJC_ROOT_CLASS = YES_ERROR;
				CLANG_WARN_UNREACHABLE_CODE = YES;
				CLANG_WARN__DUPLICATE_METHOD_MATCH = YES;
				"CODE_SIGN_IDENTITY[sdk=iphoneos*]" = "iPhone Developer";
				COPY_PHASE_STRIP = NO;
				DEBUG_INFORMATION_FORMAT = dwarf;
				ENABLE_STRICT_OBJC_MSGSEND = YES;
				ENABLE_TESTABILITY = YES;
				GCC_C_LANGUAGE_STANDARD = gnu99;
				GCC_DYNAMIC_NO_PIC = NO;
				GCC_NO_COMMON_BLOCKS = YES;
				GCC_OPTIMIZATION_LEVEL = 0;
				GCC_PREPROCESSOR_DEFINITIONS = (
					"DEBUG=1",
					"$(inherited)",
				);
				GCC_WARN_64_TO_32_BIT_CONVERSION = YES;
				GCC_WARN_ABOUT_RETURN_TYPE = YES_ERROR;
				GCC_WARN_UNDECLARED_SELECTOR = YES;
				GCC_WARN_UNINITIALIZED_AUTOS = YES_AGGRESSIVE;
				GCC_WARN_UNUSED_FUNCTION = YES;
				GCC_WARN_UNUSED_VARIABLE = YES;
				IPHONEOS_DEPLOYMENT_TARGET = 9.1;
				MTL_ENABLE_DEBUG_INFO = YES;
				ONLY_ACTIVE_ARCH = YES;
				SDKROOT = iphoneos;
				SWIFT_OPTIMIZATION_LEVEL = "-Onone";
				TARGETED_DEVICE_FAMILY = "1,2";
			};
			name = Debug;
		};
		F61AF6CC1C15DEFF00B06E80 /* Release */ = {
			isa = XCBuildConfiguration;
			buildSettings = {
				ALWAYS_SEARCH_USER_PATHS = NO;
				CLANG_CXX_LANGUAGE_STANDARD = "gnu++0x";
				CLANG_CXX_LIBRARY = "libc++";
				CLANG_ENABLE_MODULES = YES;
				CLANG_ENABLE_OBJC_ARC = YES;
				CLANG_WARN_BOOL_CONVERSION = YES;
				CLANG_WARN_CONSTANT_CONVERSION = YES;
				CLANG_WARN_DIRECT_OBJC_ISA_USAGE = YES_ERROR;
				CLANG_WARN_EMPTY_BODY = YES;
				CLANG_WARN_ENUM_CONVERSION = YES;
				CLANG_WARN_INT_CONVERSION = YES;
				CLANG_WARN_OBJC_ROOT_CLASS = YES_ERROR;
				CLANG_WARN_UNREACHABLE_CODE = YES;
				CLANG_WARN__DUPLICATE_METHOD_MATCH = YES;
				"CODE_SIGN_IDENTITY[sdk=iphoneos*]" = "iPhone Developer";
				COPY_PHASE_STRIP = NO;
				DEBUG_INFORMATION_FORMAT = "dwarf-with-dsym";
				ENABLE_NS_ASSERTIONS = NO;
				ENABLE_STRICT_OBJC_MSGSEND = YES;
				GCC_C_LANGUAGE_STANDARD = gnu99;
				GCC_NO_COMMON_BLOCKS = YES;
				GCC_WARN_64_TO_32_BIT_CONVERSION = YES;
				GCC_WARN_ABOUT_RETURN_TYPE = YES_ERROR;
				GCC_WARN_UNDECLARED_SELECTOR = YES;
				GCC_WARN_UNINITIALIZED_AUTOS = YES_AGGRESSIVE;
				GCC_WARN_UNUSED_FUNCTION = YES;
				GCC_WARN_UNUSED_VARIABLE = YES;
				IPHONEOS_DEPLOYMENT_TARGET = 9.1;
				MTL_ENABLE_DEBUG_INFO = NO;
				SDKROOT = iphoneos;
				TARGETED_DEVICE_FAMILY = "1,2";
				VALIDATE_PRODUCT = YES;
			};
			name = Release;
		};
		F61AF6CE1C15DEFF00B06E80 /* Debug */ = {
			isa = XCBuildConfiguration;
			buildSettings = {
				ASSETCATALOG_COMPILER_APPICON_NAME = AppIcon;
				INFOPLIST_FILE = hamurguesasDelmundo/Info.plist;
				LD_RUNPATH_SEARCH_PATHS = "$(inherited) @executable_path/Frameworks";
				PRODUCT_BUNDLE_IDENTIFIER = aaa.hamurguesasDelmundo;
				PRODUCT_NAME = "$(TARGET_NAME)";
			};
			name = Debug;
		};
		F61AF6CF1C15DEFF00B06E80 /* Release */ = {
			isa = XCBuildConfiguration;
			buildSettings = {
				ASSETCATALOG_COMPILER_APPICON_NAME = AppIcon;
				INFOPLIST_FILE = hamurguesasDelmundo/Info.plist;
				LD_RUNPATH_SEARCH_PATHS = "$(inherited) @executable_path/Frameworks";
				PRODUCT_BUNDLE_IDENTIFIER = aaa.hamurguesasDelmundo;
				PRODUCT_NAME = "$(TARGET_NAME)";
			};
			name = Release;
		};
/* End XCBuildConfiguration section */

/* Begin XCConfigurationList section */
		F61AF6B61C15DEFE00B06E80 /* Build configuration list for PBXProject "hamurguesasDelmundo" */ = {
			isa = XCConfigurationList;
			buildConfigurations = (
				F61AF6CB1C15DEFF00B06E80 /* Debug */,
				F61AF6CC1C15DEFF00B06E80 /* Release */,
			);
			defaultConfigurationIsVisible = 0;
			defaultConfigurationName = Release;
		};
		F61AF6CD1C15DEFF00B06E80 /* Build configuration list for PBXNativeTarget "hamurguesasDelmundo" */ = {
			isa = XCConfigurationList;
			buildConfigurations = (
				F61AF6CE1C15DEFF00B06E80 /* Debug */,
				F61AF6CF1C15DEFF00B06E80 /* Release */,
			);
			defaultConfigurationIsVisible = 0;
		};
/* End XCConfigurationList section */
	};
	rootObject = F61AF6B31C15DEFE00B06E80 /* Project object */;
}
